// !$*UTF8*$!
{
	archiveVersion = 1;
	classes = {
	};
	objectVersion = 46;
	objects = {

/* Begin PBXBuildFile section */
		39F792E71B214C200020B216 /* AppDelegate.swift in Sources */ = {isa = PBXBuildFile; fileRef = 39F792E61B214C200020B216 /* AppDelegate.swift */; };
		39F792E91B214C200020B216 /* ViewController.swift in Sources */ = {isa = PBXBuildFile; fileRef = 39F792E81B214C200020B216 /* ViewController.swift */; };
		39F792EC1B214C200020B216 /* Main.storyboard in Resources */ = {isa = PBXBuildFile; fileRef = 39F792EA1B214C200020B216 /* Main.storyboard */; };
		39F792EE1B214C200020B216 /* Images.xcassets in Resources */ = {isa = PBXBuildFile; fileRef = 39F792ED1B214C200020B216 /* Images.xcassets */; };
		39F792F11B214C200020B216 /* LaunchScreen.xib in Resources */ = {isa = PBXBuildFile; fileRef = 39F792EF1B214C200020B216 /* LaunchScreen.xib */; };
		39F792FD1B214C200020B216 /* JKSegmentedViewControllerSampleTests.swift in Sources */ = {isa = PBXBuildFile; fileRef = 39F792FC1B214C200020B216 /* JKSegmentedViewControllerSampleTests.swift */; };
		39F793071B214C350020B216 /* JKSegmentedViewController.swift in Sources */ = {isa = PBXBuildFile; fileRef = 39F793061B214C350020B216 /* JKSegmentedViewController.swift */; };
/* End PBXBuildFile section */

/* Begin PBXContainerItemProxy section */
		39F792F71B214C200020B216 /* PBXContainerItemProxy */ = {
			isa = PBXContainerItemProxy;
			containerPortal = 39F792D91B214C200020B216 /* Project object */;
			proxyType = 1;
			remoteGlobalIDString = 39F792E01B214C200020B216;
			remoteInfo = JKSegmentedViewControllerSample;
		};
/* End PBXContainerItemProxy section */

/* Begin PBXFileReference section */
		39F792E11B214C200020B216 /* JKSegmentedViewControllerSample.app */ = {isa = PBXFileReference; explicitFileType = wrapper.application; includeInIndex = 0; path = JKSegmentedViewControllerSample.app; sourceTree = BUILT_PRODUCTS_DIR; };
		39F792E51B214C200020B216 /* Info.plist */ = {isa = PBXFileReference; lastKnownFileType = text.plist.xml; path = Info.plist; sourceTree = "<group>"; };
		39F792E61B214C200020B216 /* AppDelegate.swift */ = {isa = PBXFileReference; lastKnownFileType = sourcecode.swift; path = AppDelegate.swift; sourceTree = "<group>"; };
		39F792E81B214C200020B216 /* ViewController.swift */ = {isa = PBXFileReference; lastKnownFileType = sourcecode.swift; path = ViewController.swift; sourceTree = "<group>"; };
		39F792EB1B214C200020B216 /* Base */ = {isa = PBXFileReference; lastKnownFileType = file.storyboard; name = Base; path = Base.lproj/Main.storyboard; sourceTree = "<group>"; };
		39F792ED1B214C200020B216 /* Images.xcassets */ = {isa = PBXFileReference; lastKnownFileType = folder.assetcatalog; path = Images.xcassets; sourceTree = "<group>"; };
		39F792F01B214C200020B216 /* Base */ = {isa = PBXFileReference; lastKnownFileType = file.xib; name = Base; path = Base.lproj/LaunchScreen.xib; sourceTree = "<group>"; };
		39F792F61B214C200020B216 /* JKSegmentedViewControllerSampleTests.xctest */ = {isa = PBXFileReference; explicitFileType = wrapper.cfbundle; includeInIndex = 0; path = JKSegmentedViewControllerSampleTests.xctest; sourceTree = BUILT_PRODUCTS_DIR; };
		39F792FB1B214C200020B216 /* Info.plist */ = {isa = PBXFileReference; lastKnownFileType = text.plist.xml; path = Info.plist; sourceTree = "<group>"; };
		39F792FC1B214C200020B216 /* JKSegmentedViewControllerSampleTests.swift */ = {isa = PBXFileReference; lastKnownFileType = sourcecode.swift; path = JKSegmentedViewControllerSampleTests.swift; sourceTree = "<group>"; };
		39F793061B214C350020B216 /* JKSegmentedViewController.swift */ = {isa = PBXFileReference; fileEncoding = 4; lastKnownFileType = sourcecode.swift; path = JKSegmentedViewController.swift; sourceTree = "<group>"; };
/* End PBXFileReference section */

/* Begin PBXFrameworksBuildPhase section */
		39F792DE1B214C200020B216 /* Frameworks */ = {
			isa = PBXFrameworksBuildPhase;
			buildActionMask = 2147483647;
			files = (
			);
			runOnlyForDeploymentPostprocessing = 0;
		};
		39F792F31B214C200020B216 /* Frameworks */ = {
			isa = PBXFrameworksBuildPhase;
			buildActionMask = 2147483647;
			files = (
			);
			runOnlyForDeploymentPostprocessing = 0;
		};
/* End PBXFrameworksBuildPhase section */

/* Begin PBXGroup section */
		39F792D81B214C200020B216 = {
			isa = PBXGroup;
			children = (
				39F792E31B214C200020B216 /* JKSegmentedViewControllerSample */,
				39F792F91B214C200020B216 /* JKSegmentedViewControllerSampleTests */,
				39F792E21B214C200020B216 /* Products */,
			);
			sourceTree = "<group>";
		};
		39F792E21B214C200020B216 /* Products */ = {
			isa = PBXGroup;
			children = (
				39F792E11B214C200020B216 /* JKSegmentedViewControllerSample.app */,
				39F792F61B214C200020B216 /* JKSegmentedViewControllerSampleTests.xctest */,
			);
			name = Products;
			sourceTree = "<group>";
		};
		39F792E31B214C200020B216 /* JKSegmentedViewControllerSample */ = {
			isa = PBXGroup;
			children = (
				39F792E61B214C200020B216 /* AppDelegate.swift */,
				39F792E81B214C200020B216 /* ViewController.swift */,
				39F793061B214C350020B216 /* JKSegmentedViewController.swift */,
				39F792EA1B214C200020B216 /* Main.storyboard */,
				39F792ED1B214C200020B216 /* Images.xcassets */,
				39F792EF1B214C200020B216 /* LaunchScreen.xib */,
				39F792E41B214C200020B216 /* Supporting Files */,
			);
			path = JKSegmentedViewControllerSample;
			sourceTree = "<group>";
		};
		39F792E41B214C200020B216 /* Supporting Files */ = {
			isa = PBXGroup;
			children = (
				39F792E51B214C200020B216 /* Info.plist */,
			);
			name = "Supporting Files";
			sourceTree = "<group>";
		};
		39F792F91B214C200020B216 /* JKSegmentedViewControllerSampleTests */ = {
			isa = PBXGroup;
			children = (
				39F792FC1B214C200020B216 /* JKSegmentedViewControllerSampleTests.swift */,
				39F792FA1B214C200020B216 /* Supporting Files */,
			);
			path = JKSegmentedViewControllerSampleTests;
			sourceTree = "<group>";
		};
		39F792FA1B214C200020B216 /* Supporting Files */ = {
			isa = PBXGroup;
			children = (
				39F792FB1B214C200020B216 /* Info.plist */,
			);
			name = "Supporting Files";
			sourceTree = "<group>";
		};
/* End PBXGroup section */

/* Begin PBXNativeTarget section */
		39F792E01B214C200020B216 /* JKSegmentedViewControllerSample */ = {
			isa = PBXNativeTarget;
			buildConfigurationList = 39F793001B214C200020B216 /* Build configuration list for PBXNativeTarget "JKSegmentedViewControllerSample" */;
			buildPhases = (
				39F792DD1B214C200020B216 /* Sources */,
				39F792DE1B214C200020B216 /* Frameworks */,
				39F792DF1B214C200020B216 /* Resources */,
			);
			buildRules = (
			);
			dependencies = (
			);
			name = JKSegmentedViewControllerSample;
			productName = JKSegmentedViewControllerSample;
			productReference = 39F792E11B214C200020B216 /* JKSegmentedViewControllerSample.app */;
			productType = "com.apple.product-type.application";
		};
		39F792F51B214C200020B216 /* JKSegmentedViewControllerSampleTests */ = {
			isa = PBXNativeTarget;
			buildConfigurationList = 39F793031B214C210020B216 /* Build configuration list for PBXNativeTarget "JKSegmentedViewControllerSampleTests" */;
			buildPhases = (
				39F792F21B214C200020B216 /* Sources */,
				39F792F31B214C200020B216 /* Frameworks */,
				39F792F41B214C200020B216 /* Resources */,
			);
			buildRules = (
			);
			dependencies = (
				39F792F81B214C200020B216 /* PBXTargetDependency */,
			);
			name = JKSegmentedViewControllerSampleTests;
			productName = JKSegmentedViewControllerSampleTests;
			productReference = 39F792F61B214C200020B216 /* JKSegmentedViewControllerSampleTests.xctest */;
			productType = "com.apple.product-type.bundle.unit-test";
		};
/* End PBXNativeTarget section */

/* Begin PBXProject section */
		39F792D91B214C200020B216 /* Project object */ = {
			isa = PBXProject;
			attributes = {
				LastUpgradeCheck = 0630;
				ORGANIZATIONNAME = June;
				TargetAttributes = {
					39F792E01B214C200020B216 = {
						CreatedOnToolsVersion = 6.3.2;
					};
					39F792F51B214C200020B216 = {
						CreatedOnToolsVersion = 6.3.2;
						TestTargetID = 39F792E01B214C200020B216;
					};
				};
			};
			buildConfigurationList = 39F792DC1B214C200020B216 /* Build configuration list for PBXProject "JKSegmentedViewControllerSample" */;
			compatibilityVersion = "Xcode 3.2";
			developmentRegion = English;
			hasScannedForEncodings = 0;
			knownRegions = (
				en,
				Base,
			);
			mainGroup = 39F792D81B214C200020B216;
			productRefGroup = 39F792E21B214C200020B216 /* Products */;
			projectDirPath = "";
			projectRoot = "";
			targets = (
				39F792E01B214C200020B216 /* JKSegmentedViewControllerSample */,
				39F792F51B214C200020B216 /* JKSegmentedViewControllerSampleTests */,
			);
		};
/* End PBXProject section */

/* Begin PBXResourcesBuildPhase section */
		39F792DF1B214C200020B216 /* Resources */ = {
			isa = PBXResourcesBuildPhase;
			buildActionMask = 2147483647;
			files = (
				39F792EC1B214C200020B216 /* Main.storyboard in Resources */,
				39F792F11B214C200020B216 /* LaunchScreen.xib in Resources */,
				39F792EE1B214C200020B216 /* Images.xcassets in Resources */,
			);
			runOnlyForDeploymentPostprocessing = 0;
		};
		39F792F41B214C200020B216 /* Resources */ = {
			isa = PBXResourcesBuildPhase;
			buildActionMask = 2147483647;
			files = (
			);
			runOnlyForDeploymentPostprocessing = 0;
		};
/* End PBXResourcesBuildPhase section */

/* Begin PBXSourcesBuildPhase section */
		39F792DD1B214C200020B216 /* Sources */ = {
			isa = PBXSourcesBuildPhase;
			buildActionMask = 2147483647;
			files = (
				39F792E91B214C200020B216 /* ViewController.swift in Sources */,
				39F793071B214C350020B216 /* JKSegmentedViewController.swift in Sources */,
				39F792E71B214C200020B216 /* AppDelegate.swift in Sources */,
			);
			runOnlyForDeploymentPostprocessing = 0;
		};
		39F792F21B214C200020B216 /* Sources */ = {
			isa = PBXSourcesBuildPhase;
			buildActionMask = 2147483647;
			files = (
				39F792FD1B214C200020B216 /* JKSegmentedViewControllerSampleTests.swift in Sources */,
			);
			runOnlyForDeploymentPostprocessing = 0;
		};
/* End PBXSourcesBuildPhase section */

/* Begin PBXTargetDependency section */
		39F792F81B214C200020B216 /* PBXTargetDependency */ = {
			isa = PBXTargetDependency;
			target = 39F792E01B214C200020B216 /* JKSegmentedViewControllerSample */;
			targetProxy = 39F792F71B214C200020B216 /* PBXContainerItemProxy */;
		};
/* End PBXTargetDependency section */

/* Begin PBXVariantGroup section */
		39F792EA1B214C200020B216 /* Main.storyboard */ = {
			isa = PBXVariantGroup;
			children = (
				39F792EB1B214C200020B216 /* Base */,
			);
			name = Main.storyboard;
			sourceTree = "<group>";
		};
		39F792EF1B214C200020B216 /* LaunchScreen.xib */ = {
			isa = PBXVariantGroup;
			children = (
				39F792F01B214C200020B216 /* Base */,
			);
			name = LaunchScreen.xib;
			sourceTree = "<group>";
		};
/* End PBXVariantGroup section */

/* Begin XCBuildConfiguration section */
		39F792FE1B214C200020B216 /* Debug */ = {
			isa = XCBuildConfiguration;
			buildSettings = {
				ALWAYS_SEARCH_USER_PATHS = NO;
				CLANG_CXX_LANGUAGE_STANDARD = "gnu++0x";
				CLANG_CXX_LIBRARY = "libc++";
				CLANG_ENABLE_MODULES = YES;
				CLANG_ENABLE_OBJC_ARC = YES;
				CLANG_WARN_BOOL_CONVERSION = YES;
				CLANG_WARN_CONSTANT_CONVERSION = YES;
				CLANG_WARN_DIRECT_OBJC_ISA_USAGE = YES_ERROR;
				CLANG_WARN_EMPTY_BODY = YES;
				CLANG_WARN_ENUM_CONVERSION = YES;
				CLANG_WARN_INT_CONVERSION = YES;
				CLANG_WARN_OBJC_ROOT_CLASS = YES_ERROR;
				CLANG_WARN_UNREACHABLE_CODE = YES;
				CLANG_WARN__DUPLICATE_METHOD_MATCH = YES;
				"CODE_SIGN_IDENTITY[sdk=iphoneos*]" = "iPhone Developer";
				COPY_PHASE_STRIP = NO;
				DEBUG_INFORMATION_FORMAT = "dwarf-with-dsym";
				ENABLE_STRICT_OBJC_MSGSEND = YES;
				GCC_C_LANGUAGE_STANDARD = gnu99;
				GCC_DYNAMIC_NO_PIC = NO;
				GCC_NO_COMMON_BLOCKS = YES;
				GCC_OPTIMIZATION_LEVEL = 0;
				GCC_PREPROCESSOR_DEFINITIONS = (
					"DEBUG=1",
					"$(inherited)",
				);
				GCC_SYMBOLS_PRIVATE_EXTERN = NO;
				GCC_WARN_64_TO_32_BIT_CONVERSION = YES;
				GCC_WARN_ABOUT_RETURN_TYPE = YES_ERROR;
				GCC_WARN_UNDECLARED_SELECTOR = YES;
				GCC_WARN_UNINITIALIZED_AUTOS = YES_AGGRESSIVE;
				GCC_WARN_UNUSED_FUNCTION = YES;
				GCC_WARN_UNUSED_VARIABLE = YES;
				IPHONEOS_DEPLOYMENT_TARGET = 8.3;
				MTL_ENABLE_DEBUG_INFO = YES;
				ONLY_ACTIVE_ARCH = YES;
				SDKROOT = iphoneos;
				SWIFT_OPTIMIZATION_LEVEL = "-Onone";
			};
			name = Debug;
		};
		39F792FF1B214C200020B216 /* Release */ = {
			isa = XCBuildConfiguration;
			buildSettings = {
				ALWAYS_SEARCH_USER_PATHS = NO;
				CLANG_CXX_LANGUAGE_STANDARD = "gnu++0x";
				CLANG_CXX_LIBRARY = "libc++";
				CLANG_ENABLE_MODULES = YES;
				CLANG_ENABLE_OBJC_ARC = YES;
				CLANG_WARN_BOOL_CONVERSION = YES;
				CLANG_WARN_CONSTANT_CONVERSION = YES;
				CLANG_WARN_DIRECT_OBJC_ISA_USAGE = YES_ERROR;
				CLANG_WARN_EMPTY_BODY = YES;
				CLANG_WARN_ENUM_CONVERSION = YES;
				CLANG_WARN_INT_CONVERSION = YES;
				CLANG_WARN_OBJC_ROOT_CLASS = YES_ERROR;
				CLANG_WARN_UNREACHABLE_CODE = YES;
				CLANG_WARN__DUPLICATE_METHOD_MATCH = YES;
				"CODE_SIGN_IDENTITY[sdk=iphoneos*]" = "iPhone Developer";
				COPY_PHASE_STRIP = NO;
				DEBUG_INFORMATION_FORMAT = "dwarf-with-dsym";
				ENABLE_NS_ASSERTIONS = NO;
				ENABLE_STRICT_OBJC_MSGSEND = YES;
				GCC_C_LANGUAGE_STANDARD = gnu99;
				GCC_NO_COMMON_BLOCKS = YES;
				GCC_WARN_64_TO_32_BIT_CONVERSION = YES;
				GCC_WARN_ABOUT_RETURN_TYPE = YES_ERROR;
				GCC_WARN_UNDECLARED_SELECTOR = YES;
				GCC_WARN_UNINITIALIZED_AUTOS = YES_AGGRESSIVE;
				GCC_WARN_UNUSED_FUNCTION = YES;
				GCC_WARN_UNUSED_VARIABLE = YES;
				IPHONEOS_DEPLOYMENT_TARGET = 8.3;
				MTL_ENABLE_DEBUG_INFO = NO;
				SDKROOT = iphoneos;
				VALIDATE_PRODUCT = YES;
			};
			name = Release;
		};
		39F793011B214C200020B216 /* Debug */ = {
			isa = XCBuildConfiguration;
			buildSettings = {
				ASSETCATALOG_COMPILER_APPICON_NAME = AppIcon;
				INFOPLIST_FILE = JKSegmentedViewControllerSample/Info.plist;
				LD_RUNPATH_SEARCH_PATHS = "$(inherited) @executable_path/Frameworks";
				PRODUCT_NAME = "$(TARGET_NAME)";
			};
			name = Debug;
		};
		39F793021B214C200020B216 /* Release */ = {
			isa = XCBuildConfiguration;
			buildSettings = {
				ASSETCATALOG_COMPILER_APPICON_NAME = AppIcon;
				INFOPLIST_FILE = JKSegmentedViewControllerSample/Info.plist;
				LD_RUNPATH_SEARCH_PATHS = "$(inherited) @executable_path/Frameworks";
				PRODUCT_NAME = "$(TARGET_NAME)";
			};
			name = Release;
		};
		39F793041B214C210020B216 /* Debug */ = {
			isa = XCBuildConfiguration;
			buildSettings = {
				BUNDLE_LOADER = "$(TEST_HOST)";
				FRAMEWORK_SEARCH_PATHS = (
					"$(SDKROOT)/Developer/Library/Frameworks",
					"$(inherited)",
				);
				GCC_PREPROCESSOR_DEFINITIONS = (
					"DEBUG=1",
					"$(inherited)",
				);
				INFOPLIST_FILE = JKSegmentedViewControllerSampleTests/Info.plist;
				LD_RUNPATH_SEARCH_PATHS = "$(inherited) @executable_path/Frameworks @loader_path/Frameworks";
				PRODUCT_NAME = "$(TARGET_NAME)";
				TEST_HOST = "$(BUILT_PRODUCTS_DIR)/JKSegmentedViewControllerSample.app/JKSegmentedViewControllerSample";
			};
			name = Debug;
		};
		39F793051B214C210020B216 /* Release */ = {
			isa = XCBuildConfiguration;
			buildSettings = {
				BUNDLE_LOADER = "$(TEST_HOST)";
				FRAMEWORK_SEARCH_PATHS = (
					"$(SDKROOT)/Developer/Library/Frameworks",
					"$(inherited)",
				);
				INFOPLIST_FILE = JKSegmentedViewControllerSampleTests/Info.plist;
				LD_RUNPATH_SEARCH_PATHS = "$(inherited) @executable_path/Frameworks @loader_path/Frameworks";
				PRODUCT_NAME = "$(TARGET_NAME)";
				TEST_HOST = "$(BUILT_PRODUCTS_DIR)/JKSegmentedViewControllerSample.app/JKSegmentedViewControllerSample";
			};
			name = Release;
		};
/* End XCBuildConfiguration section */

/* Begin XCConfigurationList section */
		39F792DC1B214C200020B216 /* Build configuration list for PBXProject "JKSegmentedViewControllerSample" */ = {
			isa = XCConfigurationList;
			buildConfigurations = (
				39F792FE1B214C200020B216 /* Debug */,
				39F792FF1B214C200020B216 /* Release */,
			);
			defaultConfigurationIsVisible = 0;
			defaultConfigurationName = Release;
		};
		39F793001B214C200020B216 /* Build configuration list for PBXNativeTarget "JKSegmentedViewControllerSample" */ = {
			isa = XCConfigurationList;
			buildConfigurations = (
				39F793011B214C200020B216 /* Debug */,
				39F793021B214C200020B216 /* Release */,
			);
			defaultConfigurationIsVisible = 0;
		};
		39F793031B214C210020B216 /* Build configuration list for PBXNativeTarget "JKSegmentedViewControllerSampleTests" */ = {
			isa = XCConfigurationList;
			buildConfigurations = (
				39F793041B214C210020B216 /* Debug */,
				39F793051B214C210020B216 /* Release */,
			);
			defaultConfigurationIsVisible = 0;
		};
/* End XCConfigurationList section */
	};
	rootObject = 39F792D91B214C200020B216 /* Project object */;
}
